
Microsoft Visual Studio Solution File, Format Version 12.00
# Visual Studio Version 17
VisualStudioVersion = 17.9.34728.123
MinimumVisualStudioVersion = 10.0.40219.1
Project("{FAE04EC0-301F-11D3-BF4B-00C04F79EFBC}") = "WebApplicationdf", "WebApplicationdf\WebApplicationdf.csproj", "{7E96528E-E293-4771-8B97-23806AE33754}"
EndProject
Global
	GlobalSection(SolutionConfigurationPlatforms) = preSolution
		Debug|Any CPU = Debug|Any CPU
		Release|Any CPU = Release|Any CPU
	EndGlobalSection
	GlobalSection(ProjectConfigurationPlatforms) = postSolution
		{7E96528E-E293-4771-8B97-23806AE33754}.Debug|Any CPU.ActiveCfg = Debug|Any CPU
		{7E96528E-E293-4771-8B97-23806AE33754}.Debug|Any CPU.Build.0 = Debug|Any CPU
		{7E96528E-E293-4771-8B97-23806AE33754}.Release|Any CPU.ActiveCfg = Release|Any CPU
		{7E96528E-E293-4771-8B97-23806AE33754}.Release|Any CPU.Build.0 = Release|Any CPU
	EndGlobalSection
	GlobalSection(SolutionProperties) = preSolution
		HideSolutionNode = FALSE
	EndGlobalSection
	GlobalSection(ExtensibilityGlobals) = postSolution
		SolutionGuid = {D636D496-1385-46A1-83D7-AC0B6A701491}
	EndGlobalSection
EndGlobal
